# This file is generated by running "yarn install" inside your project.
# Manual changes might be lost - proceed with caution!

__metadata:
  version: 8
  cacheKey: 10c0

"@atlas-oracle/pull-oracle-consumer@workspace:.":
  version: 0.0.0-use.local
  resolution: "@atlas-oracle/pull-oracle-consumer@workspace:."
  dependencies:
    prettier: "npm:^3.8.1"
    prettier-plugin-solidity: "npm:^2.2.1"
  languageName: unknown
  linkType: soft

"@bytecodealliance/preview2-shim@npm:^0.17.2":
  version: 0.17.8
  resolution: "@bytecodealliance/preview2-shim@npm:0.17.8"
  checksum: 10c0/e966306e3e7808acd22a0ab79b01454d77bd4fe7c15615fad9a9d0c22ffbc8255f1cc0db512b36b1f14b409aa50a8d5ec11299f6401e555f26c747989a7aaf58
  languageName: node
  linkType: hard

"@nomicfoundation/slang@npm:1.3.1":
  version: 1.3.1
  resolution: "@nomicfoundation/slang@npm:1.3.1"
  dependencies:
    "@bytecodealliance/preview2-shim": "npm:^0.17.2"
  checksum: 10c0/0cfe8dfd154f40fb0aaab7ab30c3931c3ca04d5a411bf29197be7e44605d6a26e5b4d90c9250bb30aa5bd75e0fd5ddc7b293c770dead3c35fc9aec43425e698c
  languageName: node
  linkType: hard

"@solidity-parser/parser@npm:^0.20.2":
  version: 0.20.2
  resolution: "@solidity-parser/parser@npm:0.20.2"
  checksum: 10c0/23b0b7ed343a4fa55cb8621cf4fc81b0bdd791a4ee7e96ced7778db07de66d4e418db2c2dc1525b1f82fc0310ac829c78382327292b37e35cb30a19961fcb429
  languageName: node
  linkType: hard

"prettier-plugin-solidity@npm:^2.2.1":
  version: 2.2.1
  resolution: "prettier-plugin-solidity@npm:2.2.1"
  dependencies:
    "@nomicfoundation/slang": "npm:1.3.1"
    "@solidity-parser/parser": "npm:^0.20.2"
    semver: "npm:^7.7.3"
  peerDependencies:
    prettier: ">=3.0.0"
  checksum: 10c0/6e39102b6a3e16219e4e5fdd75c9a185d087cb378280bd8c89a8c503ea388bff308b788ef80ad613e3bb23a034397fdf531c0d5d29a533839821ca99596607d6
  languageName: node
  linkType: hard

"prettier@npm:^3.8.1":
  version: 3.8.1
  resolution: "prettier@npm:3.8.1"
  bin:
    prettier: bin/prettier.cjs
  checksum: 10c0/33169b594009e48f570471271be7eac7cdcf88a209eed39ac3b8d6d78984039bfa9132f82b7e6ba3b06711f3bfe0222a62a1bfb87c43f50c25a83df1b78a2c42
  languageName: node
  linkType: hard

"semver@npm:^7.7.3":
  version: 7.7.4
  resolution: "semver@npm:7.7.4"
  bin:
    semver: bin/semver.js
  checksum: 10c0/5215ad0234e2845d4ea5bb9d836d42b03499546ddafb12075566899fc617f68794bb6f146076b6881d755de17d6c6cc73372555879ec7dce2c2feee947866ad2
  languageName: node
  linkType: hard
